
Microsoft Visual Studio Solution File, Format Version 12.00
# Visual Studio 15
VisualStudioVersion = 15.0.28307.421
MinimumVisualStudioVersion = 10.0.40219.1
Project("{FAE04EC0-301F-11D3-BF4B-00C04F79EFBC}") = "Banque", "Banque.csproj", "{CF04C087-D94F-418E-9B06-717AD41E34B9}"
EndProject
Project("{FAE04EC0-301F-11D3-BF4B-00C04F79EFBC}") = "webBanque", "webBanque\webBanque.csproj", "{7DA9EDD3-5E52-4C20-9FA9-8057B36A602D}"
EndProject
Global
	GlobalSection(SolutionConfigurationPlatforms) = preSolution
		Debug|Any CPU = Debug|Any CPU
		Release|Any CPU = Release|Any CPU
	EndGlobalSection
	GlobalSection(ProjectConfigurationPlatforms) = postSolution
		{CF04C087-D94F-418E-9B06-717AD41E34B9}.Debug|Any CPU.ActiveCfg = Debug|Any CPU
		{CF04C087-D94F-418E-9B06-717AD41E34B9}.Debug|Any CPU.Build.0 = Debug|Any CPU
		{CF04C087-D94F-418E-9B06-717AD41E34B9}.Release|Any CPU.ActiveCfg = Release|Any CPU
		{CF04C087-D94F-418E-9B06-717AD41E34B9}.Release|Any CPU.Build.0 = Release|Any CPU
		{7DA9EDD3-5E52-4C20-9FA9-8057B36A602D}.Debug|Any CPU.ActiveCfg = Debug|Any CPU
		{7DA9EDD3-5E52-4C20-9FA9-8057B36A602D}.Debug|Any CPU.Build.0 = Debug|Any CPU
		{7DA9EDD3-5E52-4C20-9FA9-8057B36A602D}.Release|Any CPU.ActiveCfg = Release|Any CPU
		{7DA9EDD3-5E52-4C20-9FA9-8057B36A602D}.Release|Any CPU.Build.0 = Release|Any CPU
	EndGlobalSection
	GlobalSection(SolutionProperties) = preSolution
		HideSolutionNode = FALSE
	EndGlobalSection
	GlobalSection(ExtensibilityGlobals) = postSolution
		SolutionGuid = {C3F19458-DCD9-45BA-8A9A-08F24650B3D8}
	EndGlobalSection
EndGlobal
